
Microsoft Visual Studio Solution File, Format Version 12.00
# Visual Studio Version 17
VisualStudioVersion = 17.2.32602.215
MinimumVisualStudioVersion = 10.0.40219.1
Project("{FAE04EC0-301F-11D3-BF4B-00C04F79EFBC}") = "RekhtaDictionaryExtensionApi", "RekhtaDictionaryExtensionApi\RekhtaDictionaryExtensionApi.csproj", "{F0FDEEFA-FD6F-4C58-9B73-C7DE70A28CEC}"
EndProject
Global
	GlobalSection(SolutionConfigurationPlatforms) = preSolution
		Debug|Any CPU = Debug|Any CPU
		Release|Any CPU = Release|Any CPU
	EndGlobalSection
	GlobalSection(ProjectConfigurationPlatforms) = postSolution
		{F0FDEEFA-FD6F-4C58-9B73-C7DE70A28CEC}.Debug|Any CPU.ActiveCfg = Debug|Any CPU
		{F0FDEEFA-FD6F-4C58-9B73-C7DE70A28CEC}.Debug|Any CPU.Build.0 = Debug|Any CPU
		{F0FDEEFA-FD6F-4C58-9B73-C7DE70A28CEC}.Release|Any CPU.ActiveCfg = Release|Any CPU
		{F0FDEEFA-FD6F-4C58-9B73-C7DE70A28CEC}.Release|Any CPU.Build.0 = Release|Any CPU
	EndGlobalSection
	GlobalSection(SolutionProperties) = preSolution
		HideSolutionNode = FALSE
	EndGlobalSection
	GlobalSection(ExtensibilityGlobals) = postSolution
		SolutionGuid = {F0C0C3CE-390C-4C92-92AB-EDB15E14961C}
	EndGlobalSection
EndGlobal
